
Microsoft Visual Studio Solution File, Format Version 12.00
# Visual Studio Version 17
VisualStudioVersion = 17.4.33110.190
MinimumVisualStudioVersion = 10.0.40219.1
Project("{FAE04EC0-301F-11D3-BF4B-00C04F79EFBC}") = "LingYunImageHost", "LingYunImageHost.csproj", "{B1166A17-76B1-4AEC-822C-8DEB9A374F4C}"
EndProject
Global
	GlobalSection(SolutionConfigurationPlatforms) = preSolution
		Debug|Any CPU = Debug|Any CPU
		Release|Any CPU = Release|Any CPU
	EndGlobalSection
	GlobalSection(ProjectConfigurationPlatforms) = postSolution
		{B1166A17-76B1-4AEC-822C-8DEB9A374F4C}.Debug|Any CPU.ActiveCfg = Debug|Any CPU
		{B1166A17-76B1-4AEC-822C-8DEB9A374F4C}.Debug|Any CPU.Build.0 = Debug|Any CPU
		{B1166A17-76B1-4AEC-822C-8DEB9A374F4C}.Release|Any CPU.ActiveCfg = Release|Any CPU
		{B1166A17-76B1-4AEC-822C-8DEB9A374F4C}.Release|Any CPU.Build.0 = Release|Any CPU
	EndGlobalSection
	GlobalSection(SolutionProperties) = preSolution
		HideSolutionNode = FALSE
	EndGlobalSection
	GlobalSection(ExtensibilityGlobals) = postSolution
		SolutionGuid = {ED7E6EEE-EC5A-46D7-BE07-C5E5190DB186}
	EndGlobalSection
EndGlobal
